---
lockfileVersion: '9.0'

importers:

  .:
    configDependencies: {}
    packageManagerDependencies:
      '@pnpm/exe':
        specifier: 11.24.0
        version: 11.24.0
      pnpm:
        specifier: 11.24.0
        version: 11.24.0

packages:

  '@pnpm/exe@11.24.0':
    resolution: {integrity: sha512-yCZWlhNOB3GS0I2uZC/CggwGZ+TLVLbOuBcMbVWXKFYJOg/0gnQw8eIN6YZLA+eeSvfHEvS79IDdbwu5CMQR0g==}
    hasBin: true

  '@pnpm/linux-arm64@11.24.0':
    resolution: {integrity: sha512-wgAF82SnMfWU8/xb0VLszKJYqL+MDHMMGz42s4jW+GIFUGYna/xG5VXUxgcv2FaZhJ2GbyZVUf2f/UJs6nb+zA==}
    cpu: [arm64]
    os: [linux]

  '@pnpm/linux-x64@11.24.0':
    resolution: {integrity: sha512-94e4GRvFB5hEwr9subLHLF2q3+DduKFPh2FE0+F7fgqt1Bs86gDxjJ7bbQCpTX2X4j6cUTA5Hc0HFzMz4xKnaA==}
    cpu: [x64]
    os: [linux]

  '@pnpm/linuxstatic-arm64@11.24.0':
    resolution: {integrity: sha512-1Vwk+M5fzjg364SDZfrtaZfthsy1THS9eSdH7dpBaG0l3HbLusQrh8labRlpMmK8KyQXcI1FvYLzPZVuAGGPng==}
    cpu: [arm64]
    os: [linux]
    libc: [musl]

  '@pnpm/linuxstatic-x64@11.24.0':
    resolution: {integrity: sha512-oyPChWYdJpJMDnwtCFNzupD+GEO4G6DDMARuZfBrCUgqRm1h2KDcVCqk9IbfFBfxWdK+bVHJpA9Qp3nlL6/thw==}
    cpu: [x64]
    os: [linux]
    libc: [musl]

  '@pnpm/macos-arm64@11.24.0':
    resolution: {integrity: sha512-nBzaOkR4D7HiuJRwlpk1aqaA/Wai11/zuCZjH5ZUe6fq86UWsqME0u3/F5K0j7yN8X2h7iKiApAaVmbfYMIc6A==}
    cpu: [arm64]
    os: [darwin]

  '@pnpm/win-arm64@11.24.0':
    resolution: {integrity: sha512-ECLc0U/5cnXRkBrpO/dW+x1Y+a2CCqS4l171H7+YOQNcSaCAWlezP3YNvuO+5awwGWHIW7KEXbBruu5n50zVuA==}
    cpu: [arm64]
    os: [win32]

  '@pnpm/win-x64@11.24.0':
    resolution: {integrity: sha512-2wgDrs2SiyBoU6Yw1A8QLLqBABWHwuMMQOU85k7ZMut/W94u/oizrDQiyfJyW9XzYCz4Dn2iw7OHx+3R2x7mEQ==}
    cpu: [x64]
    os: [win32]

  '@reflink/reflink-darwin-arm64@0.1.19':
    resolution: {integrity: sha512-ruy44Lpepdk1FqDz38vExBY/PVUsjxZA+chd9wozjUH9JjuDT/HEaQYA6wYN9mf041l0yLVar6BCZuWABJvHSA==}
    engines: {node: '>= 10'}
    cpu: [arm64]
    os: [darwin]

  '@reflink/reflink-darwin-x64@0.1.19':
    resolution: {integrity: sha512-By85MSWrMZa+c26TcnAy8SDk0sTUkYlNnwknSchkhHpGXOtjNDUOxJE9oByBnGbeuIE1PiQsxDG3Ud+IVV9yuA==}
    engines: {node: '>= 10'}
    cpu: [x64]
    os: [darwin]

  '@reflink/reflink-linux-arm64-gnu@0.1.19':
    resolution: {integrity: sha512-7P+er8+rP9iNeN+bfmccM4hTAaLP6PQJPKWSA4iSk2bNvo6KU6RyPgYeHxXmzNKzPVRcypZQTpFgstHam6maVg==}
    engines: {node: '>= 10'}
    cpu: [arm64]
    os: [linux]
    libc: [glibc]

  '@reflink/reflink-linux-arm64-musl@0.1.19':
    resolution: {integrity: sha512-37iO/Dp6m5DDaC2sf3zPtx/hl9FV3Xze4xoYidrxxS9bgP3S8ALroxRK6xBG/1TtfXKTvolvp+IjrUU6ujIGmA==}
    engines: {node: '>= 10'}
    cpu: [arm64]
    os: [linux]
    libc: [musl]

  '@reflink/reflink-linux-x64-gnu@0.1.19':
    resolution: {integrity: sha512-jbI8jvuYCaA3MVUdu8vLoLAFqC+iNMpiSuLbxlAgg7x3K5bsS8nOpTRnkLF7vISJ+rVR8W+7ThXlXlUQ93ulkw==}
    engines: {node: '>= 10'}
    cpu: [x64]
    os: [linux]
    libc: [glibc]

  '@reflink/reflink-linux-x64-musl@0.1.19':
    resolution: {integrity: sha512-e9FBWDe+lv7QKAwtKOt6A2W/fyy/aEEfr0g6j/hWzvQcrzHCsz07BNQYlNOjTfeytrtLU7k449H1PI95jA4OjQ==}
    engines: {node: '>= 10'}
    cpu: [x64]
    os: [linux]
    libc: [musl]

  '@reflink/reflink-win32-arm64-msvc@0.1.19':
    resolution: {integrity: sha512-09PxnVIQcd+UOn4WAW73WU6PXL7DwGS6wPlkMhMg2zlHHG65F3vHepOw06HFCq+N42qkaNAc8AKIabWvtk6cIQ==}
    engines: {node: '>= 10'}
    cpu: [arm64]
    os: [win32]

  '@reflink/reflink-win32-x64-msvc@0.1.19':
    resolution: {integrity: sha512-E//yT4ni2SyhwP8JRjVGWr3cbnhWDiPLgnQ66qqaanjjnMiu3O/2tjCPQXlcGc/DEYofpDc9fvhv6tALQsMV9w==}
    engines: {node: '>= 10'}
    cpu: [x64]
    os: [win32]

  '@reflink/reflink@0.1.19':
    resolution: {integrity: sha512-DmCG8GzysnCZ15bres3N5AHCmwBwYgp0As6xjhQ47rAUTUXxJiK+lLUxaGsX3hd/30qUpVElh05PbGuxRPgJwA==}
    engines: {node: '>= 10'}

  detect-libc@2.1.2:
    resolution: {integrity: sha512-Btj2BOOO83o3WyH59e8MgXsxEQVcarkUOpEYrubB0urwnN10yQ364rsiByU11nZlqWYZm05i/of7io4mzihBtQ==}
    engines: {node: '>=8'}

  pnpm@11.24.0:
    resolution: {integrity: sha512-vSfjRel23LC+C3oSKCF7BJqBfiGx81XJDb59xGZxiVqLwebQbCRVRQXqk+oLRfSJon7Bv7yN5qlln8oPFvoAAA==}
    engines: {node: '>=22.13'}
    hasBin: true

snapshots:

  '@pnpm/exe@11.24.0':
    dependencies:
      '@reflink/reflink': 0.1.19
      detect-libc: 2.1.2
    optionalDependencies:
      '@pnpm/linux-arm64': 11.24.0
      '@pnpm/linux-x64': 11.24.0
      '@pnpm/linuxstatic-arm64': 11.24.0
      '@pnpm/linuxstatic-x64': 11.24.0
      '@pnpm/macos-arm64': 11.24.0
      '@pnpm/win-arm64': 11.24.0
      '@pnpm/win-x64': 11.24.0

  '@pnpm/linux-arm64@11.24.0':
    optional: true

  '@pnpm/linux-x64@11.24.0':
    optional: true

  '@pnpm/linuxstatic-arm64@11.24.0':
    optional: true

  '@pnpm/linuxstatic-x64@11.24.0':
    optional: true

  '@pnpm/macos-arm64@11.24.0':
    optional: true

  '@pnpm/win-arm64@11.24.0':
    optional: true

  '@pnpm/win-x64@11.24.0':
    optional: true

  '@reflink/reflink-darwin-arm64@0.1.19':
    optional: true

  '@reflink/reflink-darwin-x64@0.1.19':
    optional: true

  '@reflink/reflink-linux-arm64-gnu@0.1.19':
    optional: true

  '@reflink/reflink-linux-arm64-musl@0.1.19':
    optional: true

  '@reflink/reflink-linux-x64-gnu@0.1.19':
    optional: true

  '@reflink/reflink-linux-x64-musl@0.1.19':
    optional: true

  '@reflink/reflink-win32-arm64-msvc@0.1.19':
    optional: true

  '@reflink/reflink-win32-x64-msvc@0.1.19':
    optional: true

  '@reflink/reflink@0.1.19':
    optionalDependencies:
      '@reflink/reflink-darwin-arm64': 0.1.19
      '@reflink/reflink-darwin-x64': 0.1.19
      '@reflink/reflink-linux-arm64-gnu': 0.1.19
      '@reflink/reflink-linux-arm64-musl': 0.1.19
      '@reflink/reflink-linux-x64-gnu': 0.1.19
      '@reflink/reflink-linux-x64-musl': 0.1.19
      '@reflink/reflink-win32-arm64-msvc': 0.1.19
      '@reflink/reflink-win32-x64-msvc': 0.1.19

  detect-libc@2.1.2: {}

  pnpm@11.24.0: {}

---
lockfileVersion: '9.0'

settings:
  autoInstallPeers: true
  excludeLinksFromLockfile: false

catalogs:
  default:
    zextra:
      specifier: ^1.15.0
      version: 1.15.0
    ziko:
      specifier: latest
      version: 2.0.0-beta.14

importers:

  .:
    dependencies:
      ziko:
        specifier: 2.0.0-beta.14
        version: 2.0.0-beta.14

  demo:
    dependencies:
      '@zikojs/notebook':
        specifier: workspace:*
        version: link:../packages/notebook
      canvas-confetti:
        specifier: ^1.9.4
        version: 1.9.4
      vanjs-core:
        specifier: ^1.6.1
        version: 1.6.1
    devDependencies:
      vite:
        specifier: ^8.2.2
        version: 8.3.0

  packages/notebook:
    dependencies:
      '@codemirror/autocomplete':
        specifier: ^6.20.3
        version: 6.20.3
      '@codemirror/commands':
        specifier: ^6.11.0
        version: 6.11.1
      '@codemirror/lang-javascript':
        specifier: ^6.2.5
        version: 6.2.5
      '@codemirror/lang-markdown':
        specifier: ^6.5.2
        version: 6.5.2
      '@codemirror/language':
        specifier: ^6.12.4
        version: 6.12.4
      '@codemirror/state':
        specifier: ^6.7.4
        version: 6.7.5
      '@codemirror/view':
        specifier: ^6.43.11
        version: 6.43.12
      '@zikojs/lucide':
        specifier: ^0.2.2
        version: 0.2.2
      acorn:
        specifier: ^8.18.0
        version: 8.18.0
      canvas-confetti:
        specifier: ^1.9.4
        version: 1.9.4
      codemirror:
        specifier: ^6.0.2
        version: 6.0.2
      lucide:
        specifier: ^1.44.0
        version: 1.46.0
      marked:
        specifier: ^18.0.12
        version: 18.0.13
      vanjs-core:
        specifier: ^1.6.1
        version: 1.6.1
      zextra:
        specifier: 'catalog:'
        version: 1.15.0
      ziko:
        specifier: 'catalog:'
        version: 2.0.0-beta.14

packages:

  '@codemirror/autocomplete@6.20.3':
    resolution: {integrity: sha512-tlosUqb+3BbxCxZdu4tKeRghPFC+QM7q4X5YhKV2eCmPG+1r2F3f4AaSz5sCrFqUtX4Jh20VFTKecl16MgiV9g==}

  '@codemirror/commands@6.11.1':
    resolution: {integrity: sha512-O/4hG3SC1YwcmQ0d2UVNDs+AsaNWd1iHVxbTeEBuqH+6bExAiPK3iS/BvpY6rZGURALv4ZD3sIgcCmRvw3ehBg==}

  '@codemirror/lang-css@6.3.1':
    resolution: {integrity: sha512-kr5fwBGiGtmz6l0LSJIbno9QrifNMUusivHbnA1H6Dmqy4HZFte3UAICix1VuKo0lMPKQr2rqB+0BkKi/S3Ejg==}

  '@codemirror/lang-html@6.4.12':
    resolution: {integrity: sha512-pw2ReWKUqSkbvh76RAT4NYxiogRu+PWkR2ukAwO9uOgrm8uipkzjtKKtNpyeAQwHOqxEeSvAXZ6vr3AfyB9y/w==}

  '@codemirror/lang-javascript@6.2.5':
    resolution: {integrity: sha512-zD4e5mS+50htS7F+TYjBPsiIFGanfVqg4HyUz6WNFikgOPf2BgKlx+TQedI1w6n/IqRBVBbBWmGFdLB/7uxO4A==}

  '@codemirror/lang-markdown@6.5.2':
    resolution: {integrity: sha512-AwBOdkWYuA//WcM0xO5PfHPUcmz/O2i5o0Nsg1U69SII/loCJlFI1Romd9xp2HYb1kYJRGZotyqRghuHH5n8Kw==}

  '@codemirror/language@6.12.4':
    resolution: {integrity: sha512-1q4PaT+o6PbgpkJt4Q8Fv5XJxTy4FUZ4MWETtyiDw3J0Pyr9E2vqcKL+k9wcvjNTIsauxvE7OfmWj3FRPHQ76A==}

  '@codemirror/lint@6.9.7':
    resolution: {integrity: sha512-28/+iWLYxKxsvGYhSYL7zaCZqLz5+FFFDq9tVsvGv9kv8RY4fFAchJ5WX9M3YrrRlTIsECjsXPqeNgnSmNP2dg==}

  '@codemirror/search@6.7.2':
    resolution: {integrity: sha512-gUYkYhT2+n/+VGZ+8EzE5WFkYZUZYm1VOKDudIsNqh42uRVQJ0a6Yss9sdKT3MeOYfuL1N6AZA57oza0Oyr0LA==}

  '@codemirror/state@6.7.5':
    resolution: {integrity: sha512-QjLbZmY1Au3JiRrDVYFLRD0BZ3SOKS9pR3yjIkd7u27YY8TFD9/Q9fhPnLV5l1mHFSo3hHU/N31vpwEJOx4owQ==}

  '@codemirror/view@6.43.12':
    resolution: {integrity: sha512-Nv0vxQ19NAqvB/c2pFzjIzFlzzJl7jmdtNkwOwGbn0Ks9mFAzibvumz7cQem5cRsFA2cEw2fg+uHZGbcHupLQQ==}

  '@lezer/common@1.5.2':
    resolution: {integrity: sha512-sxQE460fPZyU3sdc8lafxiPwJHBzZRy/udNFynGQky1SePYBdhkBl1kOagA9uT3pxR8K09bOrmTUqA9wb/PjSQ==}

  '@lezer/css@1.3.6':
    resolution: {integrity: sha512-YJE78Wcg+zX8f10hiHWQ4Az48Qr/c13eId0VtRQYLBpxHDmDeSrXIlkbl+fJGW42rWC/uoUco9mhBZeVWP/A1g==}

  '@lezer/highlight@1.2.3':
    resolution: {integrity: sha512-qXdH7UqTvGfdVBINrgKhDsVTJTxactNNxLk7+UMwZhU13lMHaOBlJe9Vqp907ya56Y3+ed2tlqzys7jDkTmW0g==}

  '@lezer/html@1.3.13':
    resolution: {integrity: sha512-oI7n6NJml729m7pjm9lvLvmXbdoMoi2f+1pwSDJkl9d68zGr7a9Btz8NdHTGQZtW2DA25ybeuv/SyDb9D5tseg==}

  '@lezer/javascript@1.5.4':
    resolution: {integrity: sha512-vvYx3MhWqeZtGPwDStM2dwgljd5smolYD2lR2UyFcHfxbBQebqx8yjmFmxtJ/E6nN6u1D9srOiVWm3Rb4tmcUA==}

  '@lezer/lr@1.4.10':
    resolution: {integrity: sha512-rnCpTIBafOx4mRp43xOxDJbFipJm/c0cia/V5TiGlhmMa+wsSdoGmUN3w5Bqrks/09Q/D4tNAmWaT8p6NRi77A==}

  '@lezer/markdown@1.7.2':
    resolution: {integrity: sha512-iTkYvoVcKt3WkeL7qUDyXHONZEwLio4wj8KTNi2dnjQEXBZKMV63BpQrPqfsM+OkvuRbiSTAcycYAsQzLhRNoQ==}

  '@lit-labs/ssr-dom-shim@1.6.0':
    resolution: {integrity: sha512-VHb0ALPMTlgKjM6yIxxoQNnpKyUKLD04VzeQdsiXkMqkvYlAHxq9glGLmgbb889/1GsohSOAjvQYoiBppXFqrQ==}

  '@lit/reactive-element@1.6.3':
    resolution: {integrity: sha512-QuTgnG52Poic7uM1AN5yJ09QMe0O28e10XzSvWDz02TJiiKee4stsiownEIadWm8nYzyDAyT+gKzUoZmiWQtsQ==}

  '@lottiefiles/lottie-player@2.0.12':
    resolution: {integrity: sha512-VuQnB+IFaY4ijrUTByth7jOLz9p7xK6goeYr/MtyGOVIggSl/TDCcSp6qztltdflFhyZrFpfbHEZNxeK5AiVgg==}

  '@marijn/find-cluster-break@1.0.4':
    resolution: {integrity: sha512-Wy0V7+SGUjnF9/TkiM1hKVDPj7jKXduPNboMVtHTA8dySMURWqfg/JZ9E2Sq8JgSJmkl7k7Qe9FLeMSrSraWmQ==}

  '@oxc-project/types@0.150.0':
    resolution: {integrity: sha512-rDS5/31E9HfPl/CIzGrn0DOlvBbXFseQ5URJ9sYMfstbKLD/c6Gm9vmRzRGDdAXyOIL4zmO37lc9RIwYqVruZw==}

  '@rolldown/binding-android-arm-eabi@1.2.9':
    resolution: {integrity: sha512-tNISae1QEf/vkb3xkRcjV5SEdzPE97We5IVaa2Z8jSszQPZ8U60B/YCYpw4QI7VidYsBtKavczXf+DyDs9WGxw==}
    engines: {node: ^20.19.0 || >=22.12.0}
    cpu: [arm]
    os: [android]

  '@rolldown/binding-android-arm64@1.2.9':
    resolution: {integrity: sha512-YC8YsI30o606GTZi0VyzYlsDKFP8W61i/QzayHDkLbNEz/IShqAmTa+hsJRj13xTHA0H+6fk4b2UmGn+Q/cMlg==}
    engines: {node: ^20.19.0 || >=22.12.0}
    cpu: [arm64]
    os: [android]

  '@rolldown/binding-darwin-arm64@1.2.9':
    resolution: {integrity: sha512-IwhlH3qK5urrY8hZiEgGkHKEFN901p/p2bjxCxJlr4GyNnF7wYpUvK+Y43uaRYuC4hpfjzbR3SJC3arX1jGvmw==}
    engines: {node: ^20.19.0 || >=22.12.0}
    cpu: [arm64]
    os: [darwin]

  '@rolldown/binding-darwin-x64@1.2.9':
    resolution: {integrity: sha512-XxpJfVzFh+jilRxIXUqcfYAYcunIc/XEzIizsOL1fcJee5Sf7H3mH8WlLmfHfluz5amqR88QQo9izKtmMlavAw==}
    engines: {node: ^20.19.0 || >=22.12.0}
    cpu: [x64]
    os: [darwin]

  '@rolldown/binding-freebsd-x64@1.2.9':
    resolution: {integrity: sha512-kSfvhmgeWyfkbT3p/1s5vSgboogoah2zkm9fX2zjg2hHxSV7T4KhMWRUUaRk4OXNqoD3QAUeRqLcs1aZOK4U1g==}
    engines: {node: ^20.19.0 || >=22.12.0}
    cpu: [x64]
    os: [freebsd]

  '@rolldown/binding-linux-arm-gnueabihf@1.2.9':
    resolution: {integrity: sha512-1RVzG17pxqbTfYLC352JlLt6kKLG+6Hr30n8DlIJqsnV5luUDd2Qdx9Ayw1Cabfyb1K9k0jXEZ7evxkRoT+uiw==}
    engines: {node: ^20.19.0 || >=22.12.0}
    cpu: [arm]
    os: [linux]

  '@rolldown/binding-linux-arm64-gnu@1.2.9':
    resolution: {integrity: sha512-BXqPvZ2drqVD+/Z8UpKwcs4Mp7grM+eGFku4CAEKrEtcbAsUpzREphK1sogCRZGreVPiMkiiBtw0n3TPteuqvw==}
    engines: {node: ^20.19.0 || >=22.12.0}
    cpu: [arm64]
    os: [linux]
    libc: [glibc]

  '@rolldown/binding-linux-arm64-musl@1.2.9':
    resolution: {integrity: sha512-11vWvo8YDwLzukt27J3aYDWU+gg2P7J+ZOmiJ0hkF5BXZDW7pVya7r40MXDy6ya0i9KamoENSVKIugvJNgFXIA==}
    engines: {node: ^20.19.0 || >=22.12.0}
    cpu: [arm64]
    os: [linux]
    libc: [musl]

  '@rolldown/binding-linux-ppc64-gnu@1.2.9':
    resolution: {integrity: sha512-a1tijMkdwsIARtc0F39ApURROkf3NwqinI6TOiSSWCTR7dT96dffNvMUtDHnq64wKNTIZOIlzKrFvvFUznJiyw==}
    engines: {node: ^20.19.0 || >=22.12.0}
    cpu: [ppc64]
    os: [linux]
    libc: [glibc]

  '@rolldown/binding-linux-s390x-gnu@1.2.9':
    resolution: {integrity: sha512-x6SQNdAvv4c3hWqTMaWuawzMX9myaCs/yEmlGsxJzkdClnHW7FbrjQuSiRDhuSYzEYoEMhsaJy9qHG/XNemJPQ==}
    engines: {node: ^20.19.0 || >=22.12.0}
    cpu: [s390x]
    os: [linux]
    libc: [glibc]

  '@rolldown/binding-linux-x64-gnu@1.2.9':
    resolution: {integrity: sha512-9s0AZ8BFK5/n7B/TBoa2yJE3gI3KURrbXcPBlsAsvjU4VeJKgE90y1YtNxyEUIcHPQkg6/yfF3qihUrcM/Kf0Q==}
    engines: {node: ^20.19.0 || >=22.12.0}
    cpu: [x64]
    os: [linux]
    libc: [glibc]

  '@rolldown/binding-linux-x64-musl@1.2.9':
    resolution: {integrity: sha512-P7VWAmV+WdJluH7ovnRGoiv2i8To7GAZ+kGzfGup635cyL7SyYl3lSUaA3Gp5THf0n/Co5EyEqb2zbqq+nMOHQ==}
    engines: {node: ^20.19.0 || >=22.12.0}
    cpu: [x64]
    os: [linux]
    libc: [musl]

  '@rolldown/binding-openharmony-arm64@1.2.9':
    resolution: {integrity: sha512-1qixtsE4BK8h+yS3BfmZ09UhA7O/N4IACva6YBr7EBvCJraByTuRcgOTaiA62Tm0vey3UcKXLOaoGHtYmNGEVg==}
    engines: {node: ^20.19.0 || >=22.12.0}
    cpu: [arm64]
    os: [openharmony]

  '@rolldown/binding-win32-arm64-msvc@1.2.9':
    resolution: {integrity: sha512-ok8IQjcEPs1AKZfuEUznVBrJw+gK4soq+bx8b1X2XoMqVClarc1q5JDmVtWXY1xfr6ZuHTAsPXHTgTrqKTZeww==}
    engines: {node: ^20.19.0 || >=22.12.0}
    cpu: [arm64]
    os: [win32]

  '@rolldown/binding-win32-x64-msvc@1.2.9':
    resolution: {integrity: sha512-Ip2mXoU0hM0boq3Rf+ekuT653OROSo6aSYcPT1VHE4q52KvyxgFkQgrgb/IEsxOuvQ2fZZbs8khJAyCEPM24/g==}
    engines: {node: ^20.19.0 || >=22.12.0}
    cpu: [x64]
    os: [win32]

  '@rolldown/pluginutils@1.0.1':
    resolution: {integrity: sha512-2j9bGt5Jh8hj+vPtgzPtl72j0yRxHAyumoo6TNfAjsLB04UtpSvPbPcDcBMxz7n+9CYB0c1GxQFxYRg2jimqGw==}

  '@types/pako@1.0.7':
    resolution: {integrity: sha512-YBtzT2ztNF6R/9+UXj2wTGFnC9NklAnASt3sC0h2m1bbH7G6FyBIkt4AN8ThZpNfxUo1b2iMVO0UawiJymEt8A==}

  '@types/trusted-types@2.0.7':
    resolution: {integrity: sha512-ScaPdn1dQczgbl0QFTeTOmVHFULt394XJgOQNoyVhZ6r2vLnMLJfBPd53SB52T/3G36VI1/g2MZaX0cwDuXsfw==}

  '@zikojs/lucide@0.2.2':
    resolution: {integrity: sha512-Jy9N3LQqALKORrTX7h33/IQLl52nPVI+93/7m/CzhUZI3Bd5azTEAmWHmWehDXR11BGagG7sxLRDV53K4SlAzw==}

  acorn@8.18.0:
    resolution: {integrity: sha512-lGq+9yr1/GuAWaVYIHRjvvySG5/4VfKIvC8EWxStPdcDh/Ka7FG3twP6v4d5BkravUilhIAsG4Qj83t02LWUPQ==}
    engines: {node: '>=0.4.0'}
    hasBin: true

  atropos@2.0.2:
    resolution: {integrity: sha512-8f0u0hEOlBTWTSvzY17TcHuQjxUIpkTBq70/I4+UF5B43ORtOoRjm8TPBYEgLM8Ba9AWf6PDtkagbYoybdjaKg==}
    engines: {node: '>= 12.0.0'}

  canvas-confetti@1.9.4:
    resolution: {integrity: sha512-yxQbJkAVrFXWNbTUjPqjF7G+g6pDotOUHGbkZq2NELZUMDpiJ85rIEazVb8GTaAptNW2miJAXbs1BtioA251Pw==}

  codemirror@6.0.2:
    resolution: {integrity: sha512-VhydHotNW5w1UGK0Qj96BwSk/Zqbp9WbnyK2W/eVMv4QyF41INRGpjUhFJY7/uDNuudSc33a/PKr4iDqRduvHw==}

  create-vite@9.2.1:
    resolution: {integrity: sha512-nE710dPFzm9CavJw4PtpOLQpNBiOzFV+tGbwcmBdg1A3TWgFkqypDmjt44oV0jvvQEdGsvFAvQ5pUnKrdcwciw==}
    engines: {node: ^20.19.0 || >=22.12.0}
    hasBin: true

  crelt@1.0.7:
    resolution: {integrity: sha512-aK6BbWfhf4U/wCcLHKPJl/xa6VkVstRaPywWtMKGwuOLc/wZTyQYuoxgvZnNsBvv7Kg3YTBQYYBCggcviQczuA==}

  desandro-matches-selector@2.0.2:
    resolution: {integrity: sha512-+1q0nXhdzg1IpIJdMKalUwvvskeKnYyEe3shPRwedNcWtnhEKT3ZxvFjzywHDeGcKViIxTCAoOYQWP1qD7VNyg==}

  detect-libc@2.1.2:
    resolution: {integrity: sha512-Btj2BOOO83o3WyH59e8MgXsxEQVcarkUOpEYrubB0urwnN10yQ364rsiByU11nZlqWYZm05i/of7io4mzihBtQ==}
    engines: {node: '>=8'}

  ev-emitter@1.1.1:
    resolution: {integrity: sha512-ipiDYhdQSCZ4hSbX4rMW+XzNKMD1prg/sTvoVmSLkuQ1MVlwjJQQA+sW8tMYR3BLUr9KjodFV4pvzunvRhd33Q==}

  fdir@6.5.0:
    resolution: {integrity: sha512-tIbYtZbucOs0BRGqPJkshJUYdL+SDH7dVM8gjy+ERp3WAUjLEFJE+02kanyHtwjWOnwrKYBiwAmM0p4kLJAnXg==}
    engines: {node: '>=12.0.0'}
    peerDependencies:
      picomatch: ^3 || ^4
    peerDependenciesMeta:
      picomatch:
        optional: true

  fizzy-ui-utils@2.0.7:
    resolution: {integrity: sha512-CZXDVXQ1If3/r8s0T+v+qVeMshhfcuq0rqIFgJnrtd+Bu8GmDmqMjntjUePypVtjHXKJ6V4sw9zeyox34n9aCg==}

  fsevents@2.3.3:
    resolution: {integrity: sha512-5xoDfX+fL7faATnagmWPpbFtwh/R77WmMMqqHGS65C3vvB0YHrgF+B1YmZ3441tMj5n63k0212XNoJwzlhffQw==}
    engines: {node: ^8.16.0 || ^10.6.0 || >=11.0.0}
    os: [darwin]

  get-size@2.0.3:
    resolution: {integrity: sha512-lXNzT/h/dTjTxRbm9BXb+SGxxzkm97h/PCIKtlN/CBCxxmkkIVV21udumMS93MuVTDX583gqc94v3RjuHmI+2Q==}

  isotope-layout@3.0.6:
    resolution: {integrity: sha512-z2ZKablhocXhoNyWwzJPFd7u7FWbYbVJA51Nvsqsod8jH2ExGc1SwDsSWKE54e3PhXzqf2yZPhFSq/c2MR1arw==}

  lightningcss-android-arm64@1.33.0:
    resolution: {integrity: sha512-gEpRTalKdosp4Bb8qWtc2iOgE5SeIHlpS1up9bFq2wAyYhl1UdTObYiHe98zEM9SQvSoqQZ1IQD0JNpg3Ml5pg==}
    engines: {node: '>= 12.0.0'}
    cpu: [arm64]
    os: [android]

  lightningcss-darwin-arm64@1.33.0:
    resolution: {integrity: sha512-Sciaz8eenNTKn9b3t7+xr0ipTp9YxKQY4npwQ3mrRuL0BAVHBLyZxofhaKBAVtzmtRZ/zTyo0/to4B1uWG/Djg==}
    engines: {node: '>= 12.0.0'}
    cpu: [arm64]
    os: [darwin]

  lightningcss-darwin-x64@1.33.0:
    resolution: {integrity: sha512-Z5UPAxzrjlWNNyGy6i65cJzzvgJ5D3T6wMvs+gWpY9d7qRhANrxqAp6LhxIgZhWEw18RfJTGcRxjuLIBr+m8XQ==}
    engines: {node: '>= 12.0.0'}
    cpu: [x64]
    os: [darwin]

  lightningcss-freebsd-x64@1.33.0:
    resolution: {integrity: sha512-QQM/Ti/hQajJwCY+RiWuCZ9sdtI/XQk7nDK5vC8kkdwixezOlDgvDx7+RT+QjK6FcFT4MpsuoBnHIo/O3StRRg==}
    engines: {node: '>= 12.0.0'}
    cpu: [x64]
    os: [freebsd]

  lightningcss-linux-arm-gnueabihf@1.33.0:
    resolution: {integrity: sha512-N7FVBe6iS24MlM6R/4RBTxGhQheZGs7tiQ9U32UtF75NzP5Q7xWPRqLBCKxlRQRk3rY1jCIPLzx7WzOhuUIRLQ==}
    engines: {node: '>= 12.0.0'}
    cpu: [arm]
    os: [linux]

  lightningcss-linux-arm64-gnu@1.33.0:
    resolution: {integrity: sha512-j2v/itmy4HlNxlc6voKXYgBqNi0Ng2LShg4z7GufpEgs05P+2suBVyi9I6YHq5uoVFx9ETin3eCEhLVyXGQnKg==}
    engines: {node: '>= 12.0.0'}
    cpu: [arm64]
    os: [linux]
    libc: [glibc]

  lightningcss-linux-arm64-musl@1.33.0:
    resolution: {integrity: sha512-yiO5ROMuYQgXbC60yjZU5CYSFZGKXL0HFATXt9mHJn1+zW55oCtMI9NfcVhYLMFDL7gV7oBPon/EmMMGg2OvtQ==}
    engines: {node: '>= 12.0.0'}
    cpu: [arm64]
    os: [linux]
    libc: [musl]

  lightningcss-linux-x64-gnu@1.33.0:
    resolution: {integrity: sha512-ar+Ju7LmcN0Jo4FpL4hpFybwNG9/3A/Br5KW2n2jyODg3MEZXaDYADdemoNS+BDNfMgKvylJLj4S5tyRActuAg==}
    engines: {node: '>= 12.0.0'}
    cpu: [x64]
    os: [linux]
    libc: [glibc]

  lightningcss-linux-x64-musl@1.33.0:
    resolution: {integrity: sha512-RYiYbkokw0trfKqqzfF55lginwEPrD3OJDfTuJzFs1MK6iFnDenaz1fqLLtX4ITG3OktJQXOeTaw1awrBAlZPw==}
    engines: {node: '>= 12.0.0'}
    cpu: [x64]
    os: [linux]
    libc: [musl]

  lightningcss-win32-arm64-msvc@1.33.0:
    resolution: {integrity: sha512-1K+MPfLSFVpphzpdbfkhlWk6wBrTObBzS2T6db10PNOZgR9GoVsAWzwNyuhUYYbTp23j+4RrncfujZ4uAzXvwA==}
    engines: {node: '>= 12.0.0'}
    cpu: [arm64]
    os: [win32]

  lightningcss-win32-x64-msvc@1.33.0:
    resolution: {integrity: sha512-OlEICDx/Xl0FqSp4bry8zFnCvGpig3Gl4gCquvYwHuqJKEC1+n9NgDniFvqHGmMv1ZkqDJrDqKKSykTDX+ehuA==}
    engines: {node: '>= 12.0.0'}
    cpu: [x64]
    os: [win32]

  lightningcss@1.33.0:
    resolution: {integrity: sha512-WkUDrojuJs0xkgGf2udWxa3yGBRxPtxUkB79i6aCZLRgc7PM8fZe9TosfPDcvEpQZbuFASnHYmRLBLUbmLOIIA==}
    engines: {node: '>= 12.0.0'}

  lit-element@3.3.3:
    resolution: {integrity: sha512-XbeRxmTHubXENkV4h8RIPyr8lXc+Ff28rkcQzw3G6up2xg5E8Zu1IgOWIwBLEQsu3cOVFqdYwiVi0hv0SlpqUA==}

  lit-html@2.8.0:
    resolution: {integrity: sha512-o9t+MQM3P4y7M7yNzqAyjp7z+mQGa4NS4CxiyLqFPyFWyc4O+nodLrkrxSaCTrla6M5YOLaT3RpbbqjszB5g3Q==}

  lit@2.8.0:
    resolution: {integrity: sha512-4Sc3OFX9QHOJaHbmTMk28SYgVxLN3ePDjg7hofEft2zWlehFL3LiAuapWc4U/kYwMYJSh2hTCPZ6/LIC7ii0MA==}

  lottie-web@5.13.0:
    resolution: {integrity: sha512-+gfBXl6sxXMPe8tKQm7qzLnUy5DUPJPKIyRHwtpCpyUEYjHYRJC/5gjUvdkuO2c3JllrPtHXH5UJJK8LRYl5yQ==}

  lucide@1.46.0:
    resolution: {integrity: sha512-JAkmhp9rxxIAeyKZJPUdiDDz8szXEISxdd4elBp7nu75MWQIYQQ8p1u+conDwu7RG2TrESj3wo5G0dKNs/5ryA==}

  marked@18.0.13:
    resolution: {integrity: sha512-xTxVzZsBFwunP6HDmtBkabUQEYArnP7/rMDGmPj9SlrKlQ4i8MdYVow+nJL0eOqwpUqhzBoTBRADGN6uYwPyOw==}
    engines: {node: '>= 20'}
    hasBin: true

  masonry-layout@4.2.2:
    resolution: {integrity: sha512-iGtAlrpHNyxaR19CvKC3npnEcAwszXoyJiI8ARV2ePi7fmYhIud25MHK8Zx4P0LCC4d3TNO9+rFa1KoK1OEOaA==}

  nanoid@3.3.19:
    resolution: {integrity: sha512-Y2tUNy4ouw6tq5oDSKeQYGOyhkUBhNOcGV/02KC+6kd9eDGqdZd++mjMiIDilrBYvjEnCYvVtsuHCuP+okSfug==}
    engines: {node: ^10 || ^12 || ^13.7 || ^14 || >=15.0.1}
    hasBin: true

  outlayer@2.1.1:
    resolution: {integrity: sha512-+GplXsCQ3VrbGujAeHEzP9SXsBmJxzn/YdDSQZL0xqBmAWBmortu2Y9Gwdp9J0bgDQ8/YNIPMoBM13nTwZfAhw==}

  pako@2.2.0:
    resolution: {integrity: sha512-zJq6RP/5q+TO2OpFV3FHzlPnFjmkb7Nc99a5SNjJE+uu/PkpChs+NIZSSzbBoD+6kjiISXjfYdwj1ZRQ81dz/w==}

  picocolors@1.1.1:
    resolution: {integrity: sha512-xceH2snhtb5M9liqDsmEw56le376mTZkEX/jEb/RxNFyegNul7eNslCXP9FDj/Lcu0X8KEyMceP2ntpaHrDEVA==}

  picomatch@4.0.7:
    resolution: {integrity: sha512-qcJu88Q2IWqJsDD529JKMdwGm/dvInW4HvQnRwiH9JtihJvzGOscDtHE3x1pBKeUOTysQ8kVmLnJ2kJu7yhcGA==}
    engines: {node: '>=12'}

  postcss@8.5.28:
    resolution: {integrity: sha512-RRuzqDtt5Y9h3quz5hWhK+TPnsmVs6WwSU6LkJMeY4HstUEDuYTG8UJSdawMRzmzAtV+KEoG8N3Qg2qLy5vM/A==}
    engines: {node: ^10 || ^12 || >=14}

  resize-observer-polyfill@1.5.1:
    resolution: {integrity: sha512-LwZrotdHOo12nQuZlHEmtuXdqGoOD0OhaxopaNFxWzInpEgaLWoVuAMbTzixuosCx2nEG58ngzW3vxdWoxIgdg==}

  rolldown@1.2.9:
    resolution: {integrity: sha512-hx/Pv0N1haXRb11qkfnK5MXB/iqr7i0yjWQqmO9uHqZpBgQSqzc8UsSnEpalsh+j1I8qQ2CkXAkJC8Br3dKSlg==}
    engines: {node: ^20.19.0 || >=22.12.0}
    hasBin: true

  source-map-js@1.2.1:
    resolution: {integrity: sha512-UXWMKhLOwVKb728IUtQPXxfYU+usdybtUrK/8uGE8CQMvrhOpwvzDBwj0QhSL7MQc7vIsISBG8VQ8+IDQxpfQA==}
    engines: {node: '>=0.10.0'}

  style-mod@4.1.3:
    resolution: {integrity: sha512-i/n8VsZydrugj3Iuzll8+x/00GH2vnYsk1eomD8QiRrSAeW6ItbCQDtfXCeJHd0iwiNagqjQkvpvREEPtW3IoQ==}

  tinyglobby@0.2.17:
    resolution: {integrity: sha512-wXR/dYpcqKmfWpEdZjiKJOwCNFndD0DMnrW/cYjVGttEkBfVgcLFHoNrlj47mjOVic9yyNu65alsgF4NQyTa2g==}
    engines: {node: '>=12.0.0'}

  vanjs-core@1.6.1:
    resolution: {integrity: sha512-CPUteb4/iW3hB7TLTKI9A9YMRTAQFpPz5n1/+vfnPxNs2wOI9HvSg6K3B/9x+uycX8eefqopBcakr2vJeHgIgw==}

  vite@8.3.0:
    resolution: {integrity: sha512-lhZBVvEHefgE+HQZC9O7EBJgCU/nVzFNl7vkS4RE0APtWLP02/8QVIkQtzBxPquh7lq5/78NHipTj7ODQ6XuyQ==}
    engines: {node: ^20.19.0 || >=22.12.0}
    hasBin: true
    peerDependencies:
      '@types/node': ^20.19.0 || >=22.12.0
      '@vitejs/devtools': ^0.7.1
      esbuild: ^0.27.0 || ^0.28.0
      jiti: '>=1.21.0'
      less: ^4.0.0
      sass: ^1.70.0
      sass-embedded: ^1.70.0
      stylus: '>=0.54.8'
      sugarss: ^5.0.0
      terser: ^5.16.0
      tsx: ^4.8.1
      yaml: ^2.4.2
    peerDependenciesMeta:
      '@types/node':
        optional: true
      '@vitejs/devtools':
        optional: true
      esbuild:
        optional: true
      jiti:
        optional: true
      less:
        optional: true
      sass:
        optional: true
      sass-embedded:
        optional: true
      stylus:
        optional: true
      sugarss:
        optional: true
      terser:
        optional: true
      tsx:
        optional: true
      yaml:
        optional: true

  w3c-keyname@2.2.8:
    resolution: {integrity: sha512-dpojBhNsCNN7T82Tm7k26A6G9ML3NkhDsnw9n/eoxSRlVBB4CEtIQ/KTCLI2Fwf3ataSXRhYFkQi3SlnFwPvPQ==}

  zextra@1.15.0:
    resolution: {integrity: sha512-dkcYmzPR1Zu/+kAAUt8pwtX+lgu83NXFANNBMIr4p/bT8qLS/iC2MisQqE2Smh65gRIt1utqMkVc/bj8IHdOdQ==}
    hasBin: true

  ziko-lucide@1.0.2:
    resolution: {integrity: sha512-RfIPhgsfZyh1TrMNE2DThXnWm5O9WNqrQIphhRUHLdqVmQXX4CY0Lu/tWD0KiqAg3Gw1lzXmkdfkxmavN0gRbA==}

  ziko@1.10.0:
    resolution: {integrity: sha512-rKPNlAQRHE12dAsWhIo4vGcmRGhra4Qp5ZnX9Gkp0Vcj2nHkbOFx1obFtrZbEtNfIjBpe0SLMvCAISqJq++2Cw==}
    hasBin: true

  ziko@2.0.0-beta.14:
    resolution: {integrity: sha512-ayYZG61LN8twQrDgS2JzNAfQ9mJcEkhqFjSUv3rZNLYj77kA7MTkVFz9ugdB9akjefT8xlRBx4kUKbDX18Yu8Q==}

snapshots:

  '@codemirror/autocomplete@6.20.3':
    dependencies:
      '@codemirror/language': 6.12.4
      '@codemirror/state': 6.7.5
      '@codemirror/view': 6.43.12
      '@lezer/common': 1.5.2

  '@codemirror/commands@6.11.1':
    dependencies:
      '@codemirror/language': 6.12.4
      '@codemirror/state': 6.7.5
      '@codemirror/view': 6.43.12
      '@lezer/common': 1.5.2

  '@codemirror/lang-css@6.3.1':
    dependencies:
      '@codemirror/autocomplete': 6.20.3
      '@codemirror/language': 6.12.4
      '@codemirror/state': 6.7.5
      '@lezer/common': 1.5.2
      '@lezer/css': 1.3.6

  '@codemirror/lang-html@6.4.12':
    dependencies:
      '@codemirror/autocomplete': 6.20.3
      '@codemirror/lang-css': 6.3.1
      '@codemirror/lang-javascript': 6.2.5
      '@codemirror/language': 6.12.4
      '@codemirror/state': 6.7.5
      '@codemirror/view': 6.43.12
      '@lezer/common': 1.5.2
      '@lezer/css': 1.3.6
      '@lezer/html': 1.3.13

  '@codemirror/lang-javascript@6.2.5':
    dependencies:
      '@codemirror/autocomplete': 6.20.3
      '@codemirror/language': 6.12.4
      '@codemirror/lint': 6.9.7
      '@codemirror/state': 6.7.5
      '@codemirror/view': 6.43.12
      '@lezer/common': 1.5.2
      '@lezer/javascript': 1.5.4

  '@codemirror/lang-markdown@6.5.2':
    dependencies:
      '@codemirror/autocomplete': 6.20.3
      '@codemirror/lang-html': 6.4.12
      '@codemirror/language': 6.12.4
      '@codemirror/state': 6.7.5
      '@codemirror/view': 6.43.12
      '@lezer/common': 1.5.2
      '@lezer/markdown': 1.7.2

  '@codemirror/language@6.12.4':
    dependencies:
      '@codemirror/state': 6.7.5
      '@codemirror/view': 6.43.12
      '@lezer/common': 1.5.2
      '@lezer/highlight': 1.2.3
      '@lezer/lr': 1.4.10
      style-mod: 4.1.3

  '@codemirror/lint@6.9.7':
    dependencies:
      '@codemirror/state': 6.7.5
      '@codemirror/view': 6.43.12
      crelt: 1.0.7

  '@codemirror/search@6.7.2':
    dependencies:
      '@codemirror/state': 6.7.5
      '@codemirror/view': 6.43.12
      crelt: 1.0.7

  '@codemirror/state@6.7.5':
    dependencies:
      '@marijn/find-cluster-break': 1.0.4

  '@codemirror/view@6.43.12':
    dependencies:
      '@codemirror/state': 6.7.5
      crelt: 1.0.7
      style-mod: 4.1.3
      w3c-keyname: 2.2.8

  '@lezer/common@1.5.2': {}

  '@lezer/css@1.3.6':
    dependencies:
      '@lezer/common': 1.5.2
      '@lezer/highlight': 1.2.3
      '@lezer/lr': 1.4.10

  '@lezer/highlight@1.2.3':
    dependencies:
      '@lezer/common': 1.5.2

  '@lezer/html@1.3.13':
    dependencies:
      '@lezer/common': 1.5.2
      '@lezer/highlight': 1.2.3
      '@lezer/lr': 1.4.10

  '@lezer/javascript@1.5.4':
    dependencies:
      '@lezer/common': 1.5.2
      '@lezer/highlight': 1.2.3
      '@lezer/lr': 1.4.10

  '@lezer/lr@1.4.10':
    dependencies:
      '@lezer/common': 1.5.2

  '@lezer/markdown@1.7.2':
    dependencies:
      '@lezer/common': 1.5.2
      '@lezer/highlight': 1.2.3

  '@lit-labs/ssr-dom-shim@1.6.0': {}

  '@lit/reactive-element@1.6.3':
    dependencies:
      '@lit-labs/ssr-dom-shim': 1.6.0

  '@lottiefiles/lottie-player@2.0.12':
    dependencies:
      '@types/pako': 1.0.7
      lit: 2.8.0
      lottie-web: 5.13.0
      pako: 2.2.0
      resize-observer-polyfill: 1.5.1

  '@marijn/find-cluster-break@1.0.4': {}

  '@oxc-project/types@0.150.0': {}

  '@rolldown/binding-android-arm-eabi@1.2.9':
    optional: true

  '@rolldown/binding-android-arm64@1.2.9':
    optional: true

  '@rolldown/binding-darwin-arm64@1.2.9':
    optional: true

  '@rolldown/binding-darwin-x64@1.2.9':
    optional: true

  '@rolldown/binding-freebsd-x64@1.2.9':
    optional: true

  '@rolldown/binding-linux-arm-gnueabihf@1.2.9':
    optional: true

  '@rolldown/binding-linux-arm64-gnu@1.2.9':
    optional: true

  '@rolldown/binding-linux-arm64-musl@1.2.9':
    optional: true

  '@rolldown/binding-linux-ppc64-gnu@1.2.9':
    optional: true

  '@rolldown/binding-linux-s390x-gnu@1.2.9':
    optional: true

  '@rolldown/binding-linux-x64-gnu@1.2.9':
    optional: true

  '@rolldown/binding-linux-x64-musl@1.2.9':
    optional: true

  '@rolldown/binding-openharmony-arm64@1.2.9':
    optional: true

  '@rolldown/binding-win32-arm64-msvc@1.2.9':
    optional: true

  '@rolldown/binding-win32-x64-msvc@1.2.9':
    optional: true

  '@rolldown/pluginutils@1.0.1': {}

  '@types/pako@1.0.7': {}

  '@types/trusted-types@2.0.7': {}

  '@zikojs/lucide@0.2.2':
    dependencies:
      lucide: 1.46.0
      ziko: 1.10.0

  acorn@8.18.0: {}

  atropos@2.0.2: {}

  canvas-confetti@1.9.4: {}

  codemirror@6.0.2:
    dependencies:
      '@codemirror/autocomplete': 6.20.3
      '@codemirror/commands': 6.11.1
      '@codemirror/language': 6.12.4
      '@codemirror/lint': 6.9.7
      '@codemirror/search': 6.7.2
      '@codemirror/state': 6.7.5
      '@codemirror/view': 6.43.12

  create-vite@9.2.1: {}

  crelt@1.0.7: {}

  desandro-matches-selector@2.0.2: {}

  detect-libc@2.1.2: {}

  ev-emitter@1.1.1: {}

  fdir@6.5.0(picomatch@4.0.7):
    optionalDependencies:
      picomatch: 4.0.7

  fizzy-ui-utils@2.0.7:
    dependencies:
      desandro-matches-selector: 2.0.2

  fsevents@2.3.3:
    optional: true

  get-size@2.0.3: {}

  isotope-layout@3.0.6:
    dependencies:
      desandro-matches-selector: 2.0.2
      fizzy-ui-utils: 2.0.7
      get-size: 2.0.3
      masonry-layout: 4.2.2
      outlayer: 2.1.1

  lightningcss-android-arm64@1.33.0:
    optional: true

  lightningcss-darwin-arm64@1.33.0:
    optional: true

  lightningcss-darwin-x64@1.33.0:
    optional: true

  lightningcss-freebsd-x64@1.33.0:
    optional: true

  lightningcss-linux-arm-gnueabihf@1.33.0:
    optional: true

  lightningcss-linux-arm64-gnu@1.33.0:
    optional: true

  lightningcss-linux-arm64-musl@1.33.0:
    optional: true

  lightningcss-linux-x64-gnu@1.33.0:
    optional: true

  lightningcss-linux-x64-musl@1.33.0:
    optional: true

  lightningcss-win32-arm64-msvc@1.33.0:
    optional: true

  lightningcss-win32-x64-msvc@1.33.0:
    optional: true

  lightningcss@1.33.0:
    dependencies:
      detect-libc: 2.1.2
    optionalDependencies:
      lightningcss-android-arm64: 1.33.0
      lightningcss-darwin-arm64: 1.33.0
      lightningcss-darwin-x64: 1.33.0
      lightningcss-freebsd-x64: 1.33.0
      lightningcss-linux-arm-gnueabihf: 1.33.0
      lightningcss-linux-arm64-gnu: 1.33.0
      lightningcss-linux-arm64-musl: 1.33.0
      lightningcss-linux-x64-gnu: 1.33.0
      lightningcss-linux-x64-musl: 1.33.0
      lightningcss-win32-arm64-msvc: 1.33.0
      lightningcss-win32-x64-msvc: 1.33.0

  lit-element@3.3.3:
    dependencies:
      '@lit-labs/ssr-dom-shim': 1.6.0
      '@lit/reactive-element': 1.6.3
      lit-html: 2.8.0

  lit-html@2.8.0:
    dependencies:
      '@types/trusted-types': 2.0.7

  lit@2.8.0:
    dependencies:
      '@lit/reactive-element': 1.6.3
      lit-element: 3.3.3
      lit-html: 2.8.0

  lottie-web@5.13.0: {}

  lucide@1.46.0: {}

  marked@18.0.13: {}

  masonry-layout@4.2.2:
    dependencies:
      get-size: 2.0.3
      outlayer: 2.1.1

  nanoid@3.3.19: {}

  outlayer@2.1.1:
    dependencies:
      ev-emitter: 1.1.1
      fizzy-ui-utils: 2.0.7
      get-size: 2.0.3

  pako@2.2.0: {}

  picocolors@1.1.1: {}

  picomatch@4.0.7: {}

  postcss@8.5.28:
    dependencies:
      nanoid: 3.3.19
      picocolors: 1.1.1
      source-map-js: 1.2.1

  resize-observer-polyfill@1.5.1: {}

  rolldown@1.2.9:
    dependencies:
      '@oxc-project/types': 0.150.0
      '@rolldown/pluginutils': 1.0.1
    optionalDependencies:
      '@rolldown/binding-android-arm-eabi': 1.2.9
      '@rolldown/binding-android-arm64': 1.2.9
      '@rolldown/binding-darwin-arm64': 1.2.9
      '@rolldown/binding-darwin-x64': 1.2.9
      '@rolldown/binding-freebsd-x64': 1.2.9
      '@rolldown/binding-linux-arm-gnueabihf': 1.2.9
      '@rolldown/binding-linux-arm64-gnu': 1.2.9
      '@rolldown/binding-linux-arm64-musl': 1.2.9
      '@rolldown/binding-linux-ppc64-gnu': 1.2.9
      '@rolldown/binding-linux-s390x-gnu': 1.2.9
      '@rolldown/binding-linux-x64-gnu': 1.2.9
      '@rolldown/binding-linux-x64-musl': 1.2.9
      '@rolldown/binding-openharmony-arm64': 1.2.9
      '@rolldown/binding-win32-arm64-msvc': 1.2.9
      '@rolldown/binding-win32-x64-msvc': 1.2.9

  source-map-js@1.2.1: {}

  style-mod@4.1.3: {}

  tinyglobby@0.2.17:
    dependencies:
      fdir: 6.5.0(picomatch@4.0.7)
      picomatch: 4.0.7

  vanjs-core@1.6.1: {}

  vite@8.3.0:
    dependencies:
      lightningcss: 1.33.0
      picomatch: 4.0.7
      postcss: 8.5.28
      rolldown: 1.2.9
      tinyglobby: 0.2.17
    optionalDependencies:
      fsevents: 2.3.3

  w3c-keyname@2.2.8: {}

  zextra@1.15.0:
    dependencies:
      '@lottiefiles/lottie-player': 2.0.12
      atropos: 2.0.2
      isotope-layout: 3.0.6
      ziko: 1.10.0
      ziko-lucide: 1.0.2

  ziko-lucide@1.0.2:
    dependencies:
      create-vite: 9.2.1
      lucide: 1.46.0
      ziko: 1.10.0

  ziko@1.10.0: {}

  ziko@2.0.0-beta.14: {}
